{
  "name": "carbone-ee-plugin-s3",
  "version": "1.0.0",
  "lockfileVersion": 3,
  "requires": true,
  "packages": {
    "": {
      "name": "carbone-ee-plugin-s3",
      "version": "1.0.0",
      "license": "Apache-2.0",
      "dependencies": {
        "tiny-storage-client": "^3.0.1"
      }
    },
    "node_modules/aws4": {
      "version": "1.12.0",
      "resolved": "https://registry.npmjs.org/aws4/-/aws4-1.12.0.tgz",
      "integrity": "sha512-NmWvPnx0F1SfrQbYwOi7OeaNGokp9XhzNioJ/CSBs8Qa4vxug81mhJEAVZwxXuBmYB5KDRfMq/F3RR0BIU7sWg=="
    },
    "node_modules/rock-req": {
      "version": "5.1.3",
      "resolved": "https://registry.npmjs.org/rock-req/-/rock-req-5.1.3.tgz",
      "integrity": "sha512-aorqEtp9YKws/KRiHlEbAHDWof/ILjTViTXMTe9juAgLjNrT9jsuQNM/cMbpK+zZsrFEHSHMCSK/wzi0DWelZA==",
      "engines": {
        "node": ">=16"
      }
    },
    "node_modules/tiny-storage-client": {
      "version": "3.0.1",
      "resolved": "https://registry.npmjs.org/tiny-storage-client/-/tiny-storage-client-3.0.1.tgz",
      "integrity": "sha512-9OQsXfxSuDj6NsHWZTWo/GFNdTJaY6vx+ieBklKAaniXWF5PXMJ9HA9/aFgZnhFo1mj1S76Pqe7XRyuupGmlLw==",
      "dependencies": {
        "aws4": "=1.12.0",
        "rock-req": "=5.1.3"
      }
    }
  }
}
